// !$*UTF8*$!
{
	archiveVersion = 1;
	classes = {
	};
	objectVersion = 55;
	objects = {

/* Begin PBXBuildFile section */
		443D052E2A8A134000C48449 /* AppDelegate.swift in Sources */ = {isa = PBXBuildFile; fileRef = 443D052D2A8A134000C48449 /* AppDelegate.swift */; };
		443D05302A8A134000C48449 /* SceneDelegate.swift in Sources */ = {isa = PBXBuildFile; fileRef = 443D052F2A8A134000C48449 /* SceneDelegate.swift */; };
		443D05322A8A134000C48449 /* ViewController.swift in Sources */ = {isa = PBXBuildFile; fileRef = 443D05312A8A134000C48449 /* ViewController.swift */; };
		443D05372A8A134200C48449 /* Assets.xcassets in Resources */ = {isa = PBXBuildFile; fileRef = 443D05362A8A134200C48449 /* Assets.xcassets */; };
		443D053A2A8A134200C48449 /* LaunchScreen.storyboard in Resources */ = {isa = PBXBuildFile; fileRef = 443D05382A8A134200C48449 /* LaunchScreen.storyboard */; };
		443D05462A8A1D9D00C48449 /* Main.swift in Sources */ = {isa = PBXBuildFile; fileRef = 443D05452A8A1D9D00C48449 /* Main.swift */; };
		443D05482A8A1E5B00C48449 /* Сatalog.swift in Sources */ = {isa = PBXBuildFile; fileRef = 443D05472A8A1E5B00C48449 /* Сatalog.swift */; };
		443D054A2A8A1EEA00C48449 /* Basket.swift in Sources */ = {isa = PBXBuildFile; fileRef = 443D05492A8A1EEA00C48449 /* Basket.swift */; };
		443D054C2A8A1F3E00C48449 /* Profile.swift in Sources */ = {isa = PBXBuildFile; fileRef = 443D054B2A8A1F3E00C48449 /* Profile.swift */; };
		443D054E2A8A3C4000C48449 /* MainTabBarController.swift in Sources */ = {isa = PBXBuildFile; fileRef = 443D054D2A8A3C4000C48449 /* MainTabBarController.swift */; };
		443D05522A8A7FBE00C48449 /* NavBarController.swift in Sources */ = {isa = PBXBuildFile; fileRef = 443D05512A8A7FBE00C48449 /* NavBarController.swift */; };
/* End PBXBuildFile section */

/* Begin PBXFileReference section */
		443D052A2A8A134000C48449 /* MySparTestMission.app */ = {isa = PBXFileReference; explicitFileType = wrapper.application; includeInIndex = 0; path = MySparTestMission.app; sourceTree = BUILT_PRODUCTS_DIR; };
		443D052D2A8A134000C48449 /* AppDelegate.swift */ = {isa = PBXFileReference; lastKnownFileType = sourcecode.swift; path = AppDelegate.swift; sourceTree = "<group>"; };
		443D052F2A8A134000C48449 /* SceneDelegate.swift */ = {isa = PBXFileReference; lastKnownFileType = sourcecode.swift; path = SceneDelegate.swift; sourceTree = "<group>"; };
		443D05312A8A134000C48449 /* ViewController.swift */ = {isa = PBXFileReference; lastKnownFileType = sourcecode.swift; path = ViewController.swift; sourceTree = "<group>"; };
		443D05362A8A134200C48449 /* Assets.xcassets */ = {isa = PBXFileReference; lastKnownFileType = folder.assetcatalog; path = Assets.xcassets; sourceTree = "<group>"; };
		443D05392A8A134200C48449 /* Base */ = {isa = PBXFileReference; lastKnownFileType = file.storyboard; name = Base; path = Base.lproj/LaunchScreen.storyboard; sourceTree = "<group>"; };
		443D053B2A8A134200C48449 /* Info.plist */ = {isa = PBXFileReference; lastKnownFileType = text.plist.xml; path = Info.plist; sourceTree = "<group>"; };
		443D05452A8A1D9D00C48449 /* Main.swift */ = {isa = PBXFileReference; lastKnownFileType = sourcecode.swift; path = Main.swift; sourceTree = "<group>"; };
		443D05472A8A1E5B00C48449 /* Сatalog.swift */ = {isa = PBXFileReference; lastKnownFileType = sourcecode.swift; path = "Сatalog.swift"; sourceTree = "<group>"; };
		443D05492A8A1EEA00C48449 /* Basket.swift */ = {isa = PBXFileReference; lastKnownFileType = sourcecode.swift; path = Basket.swift; sourceTree = "<group>"; };
		443D054B2A8A1F3E00C48449 /* Profile.swift */ = {isa = PBXFileReference; lastKnownFileType = sourcecode.swift; path = Profile.swift; sourceTree = "<group>"; };
		443D054D2A8A3C4000C48449 /* MainTabBarController.swift */ = {isa = PBXFileReference; lastKnownFileType = sourcecode.swift; path = MainTabBarController.swift; sourceTree = "<group>"; };
		443D05512A8A7FBE00C48449 /* NavBarController.swift */ = {isa = PBXFileReference; lastKnownFileType = sourcecode.swift; path = NavBarController.swift; sourceTree = "<group>"; };
/* End PBXFileReference section */

/* Begin PBXFrameworksBuildPhase section */
		443D05272A8A134000C48449 /* Frameworks */ = {
			isa = PBXFrameworksBuildPhase;
			buildActionMask = 2147483647;
			files = (
			);
			runOnlyForDeploymentPostprocessing = 0;
		};
/* End PBXFrameworksBuildPhase section */

/* Begin PBXGroup section */
		443D05212A8A134000C48449 = {
			isa = PBXGroup;
			children = (
				443D052C2A8A134000C48449 /* MySparTestMission */,
				443D052B2A8A134000C48449 /* Products */,
			);
			sourceTree = "<group>";
		};
		443D052B2A8A134000C48449 /* Products */ = {
			isa = PBXGroup;
			children = (
				443D052A2A8A134000C48449 /* MySparTestMission.app */,
			);
			name = Products;
			sourceTree = "<group>";
		};
		443D052C2A8A134000C48449 /* MySparTestMission */ = {
			isa = PBXGroup;
			children = (
				443D05502A8A691600C48449 /* SupportingFiles */,
				443D054F2A8A68E400C48449 /* Applications */,
				443D05442A8A1CD000C48449 /* TabBars */,
				443D05312A8A134000C48449 /* ViewController.swift */,
				443D05512A8A7FBE00C48449 /* NavBarController.swift */,
			);
			path = MySparTestMission;
			sourceTree = "<group>";
		};
		443D05442A8A1CD000C48449 /* TabBars */ = {
			isa = PBXGroup;
			children = (
				443D054D2A8A3C4000C48449 /* MainTabBarController.swift */,
				443D05452A8A1D9D00C48449 /* Main.swift */,
				443D05472A8A1E5B00C48449 /* Сatalog.swift */,
				443D05492A8A1EEA00C48449 /* Basket.swift */,
				443D054B2A8A1F3E00C48449 /* Profile.swift */,
			);
			path = TabBars;
			sourceTree = "<group>";
		};
		443D054F2A8A68E400C48449 /* Applications */ = {
			isa = PBXGroup;
			children = (
				443D052D2A8A134000C48449 /* AppDelegate.swift */,
				443D052F2A8A134000C48449 /* SceneDelegate.swift */,
			);
			path = Applications;
			sourceTree = "<group>";
		};
		443D05502A8A691600C48449 /* SupportingFiles */ = {
			isa = PBXGroup;
			children = (
				443D05362A8A134200C48449 /* Assets.xcassets */,
				443D05382A8A134200C48449 /* LaunchScreen.storyboard */,
				443D053B2A8A134200C48449 /* Info.plist */,
			);
			path = SupportingFiles;
			sourceTree = "<group>";
		};
/* End PBXGroup section */

/* Begin PBXNativeTarget section */
		443D05292A8A134000C48449 /* MySparTestMission */ = {
			isa = PBXNativeTarget;
			buildConfigurationList = 443D053E2A8A134200C48449 /* Build configuration list for PBXNativeTarget "MySparTestMission" */;
			buildPhases = (
				443D05262A8A134000C48449 /* Sources */,
				443D05272A8A134000C48449 /* Frameworks */,
				443D05282A8A134000C48449 /* Resources */,
			);
			buildRules = (
			);
			dependencies = (
			);
			name = MySparTestMission;
			productName = MySparTestMission;
			productReference = 443D052A2A8A134000C48449 /* MySparTestMission.app */;
			productType = "com.apple.product-type.application";
		};
/* End PBXNativeTarget section */

/* Begin PBXProject section */
		443D05222A8A134000C48449 /* Project object */ = {
			isa = PBXProject;
			attributes = {
				BuildIndependentTargetsInParallel = 1;
				LastSwiftUpdateCheck = 1320;
				LastUpgradeCheck = 1320;
				TargetAttributes = {
					443D05292A8A134000C48449 = {
						CreatedOnToolsVersion = 13.2.1;
					};
				};
			};
			buildConfigurationList = 443D05252A8A134000C48449 /* Build configuration list for PBXProject "MySparTestMission" */;
			compatibilityVersion = "Xcode 13.0";
			developmentRegion = en;
			hasScannedForEncodings = 0;
			knownRegions = (
				en,
				Base,
			);
			mainGroup = 443D05212A8A134000C48449;
			productRefGroup = 443D052B2A8A134000C48449 /* Products */;
			projectDirPath = "";
			projectRoot = "";
			targets = (
				443D05292A8A134000C48449 /* MySparTestMission */,
			);
		};
/* End PBXProject section */

/* Begin PBXResourcesBuildPhase section */
		443D05282A8A134000C48449 /* Resources */ = {
			isa = PBXResourcesBuildPhase;
			buildActionMask = 2147483647;
			files = (
				443D053A2A8A134200C48449 /* LaunchScreen.storyboard in Resources */,
				443D05372A8A134200C48449 /* Assets.xcassets in Resources */,
			);
			runOnlyForDeploymentPostprocessing = 0;
		};
/* End PBXResourcesBuildPhase section */

/* Begin PBXSourcesBuildPhase section */
		443D05262A8A134000C48449 /* Sources */ = {
			isa = PBXSourcesBuildPhase;
			buildActionMask = 2147483647;
			files = (
				443D05322A8A134000C48449 /* ViewController.swift in Sources */,
				443D054C2A8A1F3E00C48449 /* Profile.swift in Sources */,
				443D05462A8A1D9D00C48449 /* Main.swift in Sources */,
				443D054E2A8A3C4000C48449 /* MainTabBarController.swift in Sources */,
				443D054A2A8A1EEA00C48449 /* Basket.swift in Sources */,
				443D05482A8A1E5B00C48449 /* Сatalog.swift in Sources */,
				443D052E2A8A134000C48449 /* AppDelegate.swift in Sources */,
				443D05522A8A7FBE00C48449 /* NavBarController.swift in Sources */,
				443D05302A8A134000C48449 /* SceneDelegate.swift in Sources */,
			);
			runOnlyForDeploymentPostprocessing = 0;
		};
/* End PBXSourcesBuildPhase section */

/* Begin PBXVariantGroup section */
		443D05382A8A134200C48449 /* LaunchScreen.storyboard */ = {
			isa = PBXVariantGroup;
			children = (
				443D05392A8A134200C48449 /* Base */,
			);
			name = LaunchScreen.storyboard;
			sourceTree = "<group>";
		};
/* End PBXVariantGroup section */

/* Begin XCBuildConfiguration section */
		443D053C2A8A134200C48449 /* Debug */ = {
			isa = XCBuildConfiguration;
			buildSettings = {
				ALWAYS_SEARCH_USER_PATHS = NO;
				CLANG_ANALYZER_NONNULL = YES;
				CLANG_ANALYZER_NUMBER_OBJECT_CONVERSION = YES_AGGRESSIVE;
				CLANG_CXX_LANGUAGE_STANDARD = "gnu++17";
				CLANG_CXX_LIBRARY = "libc++";
				CLANG_ENABLE_MODULES = YES;
				CLANG_ENABLE_OBJC_ARC = YES;
				CLANG_ENABLE_OBJC_WEAK = YES;
				CLANG_WARN_BLOCK_CAPTURE_AUTORELEASING = YES;
				CLANG_WARN_BOOL_CONVERSION = YES;
				CLANG_WARN_COMMA = YES;
				CLANG_WARN_CONSTANT_CONVERSION = YES;
				CLANG_WARN_DEPRECATED_OBJC_IMPLEMENTATIONS = YES;
				CLANG_WARN_DIRECT_OBJC_ISA_USAGE = YES_ERROR;
				CLANG_WARN_DOCUMENTATION_COMMENTS = YES;
				CLANG_WARN_EMPTY_BODY = YES;
				CLANG_WARN_ENUM_CONVERSION = YES;
				CLANG_WARN_INFINITE_RECURSION = YES;
				CLANG_WARN_INT_CONVERSION = YES;
				CLANG_WARN_NON_LITERAL_NULL_CONVERSION = YES;
				CLANG_WARN_OBJC_IMPLICIT_RETAIN_SELF = YES;
				CLANG_WARN_OBJC_LITERAL_CONVERSION = YES;
				CLANG_WARN_OBJC_ROOT_CLASS = YES_ERROR;
				CLANG_WARN_QUOTED_INCLUDE_IN_FRAMEWORK_HEADER = YES;
				CLANG_WARN_RANGE_LOOP_ANALYSIS = YES;
				CLANG_WARN_STRICT_PROTOTYPES = YES;
				CLANG_WARN_SUSPICIOUS_MOVE = YES;
				CLANG_WARN_UNGUARDED_AVAILABILITY = YES_AGGRESSIVE;
				CLANG_WARN_UNREACHABLE_CODE = YES;
				CLANG_WARN__DUPLICATE_METHOD_MATCH = YES;
				COPY_PHASE_STRIP = NO;
				DEBUG_INFORMATION_FORMAT = dwarf;
				ENABLE_STRICT_OBJC_MSGSEND = YES;
				ENABLE_TESTABILITY = YES;
				GCC_C_LANGUAGE_STANDARD = gnu11;
				GCC_DYNAMIC_NO_PIC = NO;
				GCC_NO_COMMON_BLOCKS = YES;
				GCC_OPTIMIZATION_LEVEL = 0;
				GCC_PREPROCESSOR_DEFINITIONS = (
					"DEBUG=1",
					"$(inherited)",
				);
				GCC_WARN_64_TO_32_BIT_CONVERSION = YES;
				GCC_WARN_ABOUT_RETURN_TYPE = YES_ERROR;
				GCC_WARN_UNDECLARED_SELECTOR = YES;
				GCC_WARN_UNINITIALIZED_AUTOS = YES_AGGRESSIVE;
				GCC_WARN_UNUSED_FUNCTION = YES;
				GCC_WARN_UNUSED_VARIABLE = YES;
				IPHONEOS_DEPLOYMENT_TARGET = 15.2;
				MTL_ENABLE_DEBUG_INFO = INCLUDE_SOURCE;
				MTL_FAST_MATH = YES;
				ONLY_ACTIVE_ARCH = YES;
				SDKROOT = iphoneos;
				SWIFT_ACTIVE_COMPILATION_CONDITIONS = DEBUG;
				SWIFT_OPTIMIZATION_LEVEL = "-Onone";
			};
			name = Debug;
		};
		443D053D2A8A134200C48449 /* Release */ = {
			isa = XCBuildConfiguration;
			buildSettings = {
				ALWAYS_SEARCH_USER_PATHS = NO;
				CLANG_ANALYZER_NONNULL = YES;
				CLANG_ANALYZER_NUMBER_OBJECT_CONVERSION = YES_AGGRESSIVE;
				CLANG_CXX_LANGUAGE_STANDARD = "gnu++17";
				CLANG_CXX_LIBRARY = "libc++";
				CLANG_ENABLE_MODULES = YES;
				CLANG_ENABLE_OBJC_ARC = YES;
				CLANG_ENABLE_OBJC_WEAK = YES;
				CLANG_WARN_BLOCK_CAPTURE_AUTORELEASING = YES;
				CLANG_WARN_BOOL_CONVERSION = YES;
				CLANG_WARN_COMMA = YES;
				CLANG_WARN_CONSTANT_CONVERSION = YES;
				CLANG_WARN_DEPRECATED_OBJC_IMPLEMENTATIONS = YES;
				CLANG_WARN_DIRECT_OBJC_ISA_USAGE = YES_ERROR;
				CLANG_WARN_DOCUMENTATION_COMMENTS = YES;
				CLANG_WARN_EMPTY_BODY = YES;
				CLANG_WARN_ENUM_CONVERSION = YES;
				CLANG_WARN_INFINITE_RECURSION = YES;
				CLANG_WARN_INT_CONVERSION = YES;
				CLANG_WARN_NON_LITERAL_NULL_CONVERSION = YES;
				CLANG_WARN_OBJC_IMPLICIT_RETAIN_SELF = YES;
				CLANG_WARN_OBJC_LITERAL_CONVERSION = YES;
				CLANG_WARN_OBJC_ROOT_CLASS = YES_ERROR;
				CLANG_WARN_QUOTED_INCLUDE_IN_FRAMEWORK_HEADER = YES;
				CLANG_WARN_RANGE_LOOP_ANALYSIS = YES;
				CLANG_WARN_STRICT_PROTOTYPES = YES;
				CLANG_WARN_SUSPICIOUS_MOVE = YES;
				CLANG_WARN_UNGUARDED_AVAILABILITY = YES_AGGRESSIVE;
				CLANG_WARN_UNREACHABLE_CODE = YES;
				CLANG_WARN__DUPLICATE_METHOD_MATCH = YES;
				COPY_PHASE_STRIP = NO;
				DEBUG_INFORMATION_FORMAT = "dwarf-with-dsym";
				ENABLE_NS_ASSERTIONS = NO;
				ENABLE_STRICT_OBJC_MSGSEND = YES;
				GCC_C_LANGUAGE_STANDARD = gnu11;
				GCC_NO_COMMON_BLOCKS = YES;
				GCC_WARN_64_TO_32_BIT_CONVERSION = YES;
				GCC_WARN_ABOUT_RETURN_TYPE = YES_ERROR;
				GCC_WARN_UNDECLARED_SELECTOR = YES;
				GCC_WARN_UNINITIALIZED_AUTOS = YES_AGGRESSIVE;
				GCC_WARN_UNUSED_FUNCTION = YES;
				GCC_WARN_UNUSED_VARIABLE = YES;
				IPHONEOS_DEPLOYMENT_TARGET = 15.2;
				MTL_ENABLE_DEBUG_INFO = NO;
				MTL_FAST_MATH = YES;
				SDKROOT = iphoneos;
				SWIFT_COMPILATION_MODE = wholemodule;
				SWIFT_OPTIMIZATION_LEVEL = "-O";
				VALIDATE_PRODUCT = YES;
			};
			name = Release;
		};
		443D053F2A8A134200C48449 /* Debug */ = {
			isa = XCBuildConfiguration;
			buildSettings = {
				ASSETCATALOG_COMPILER_APPICON_NAME = AppIcon;
				ASSETCATALOG_COMPILER_GLOBAL_ACCENT_COLOR_NAME = AccentColor;
				CODE_SIGN_STYLE = Automatic;
				CURRENT_PROJECT_VERSION = 1;
				DEVELOPMENT_TEAM = 3N48HVN9F4;
				GENERATE_INFOPLIST_FILE = YES;
				INFOPLIST_FILE = MySparTestMission/Info.plist;
				INFOPLIST_KEY_UIApplicationSupportsIndirectInputEvents = YES;
				INFOPLIST_KEY_UILaunchStoryboardName = LaunchScreen;
				INFOPLIST_KEY_UISupportedInterfaceOrientations_iPad = "UIInterfaceOrientationPortrait UIInterfaceOrientationPortraitUpsideDown UIInterfaceOrientationLandscapeLeft UIInterfaceOrientationLandscapeRight";
				INFOPLIST_KEY_UISupportedInterfaceOrientations_iPhone = "UIInterfaceOrientationPortrait UIInterfaceOrientationLandscapeLeft UIInterfaceOrientationLandscapeRight";
				IPHONEOS_DEPLOYMENT_TARGET = 14.0;
				LD_RUNPATH_SEARCH_PATHS = (
					"$(inherited)",
					"@executable_path/Frameworks",
				);
				MARKETING_VERSION = 1.0;
				PRODUCT_BUNDLE_IDENTIFIER = Dims.MySparTestMission;
				PRODUCT_NAME = "$(TARGET_NAME)";
				SWIFT_EMIT_LOC_STRINGS = YES;
				SWIFT_VERSION = 5.0;
				TARGETED_DEVICE_FAMILY = "1,2";
			};
			name = Debug;
		};
		443D05402A8A134200C48449 /* Release */ = {
			isa = XCBuildConfiguration;
			buildSettings = {
				ASSETCATALOG_COMPILER_APPICON_NAME = AppIcon;
				ASSETCATALOG_COMPILER_GLOBAL_ACCENT_COLOR_NAME = AccentColor;
				CODE_SIGN_STYLE = Automatic;
				CURRENT_PROJECT_VERSION = 1;
				DEVELOPMENT_TEAM = 3N48HVN9F4;
				GENERATE_INFOPLIST_FILE = YES;
				INFOPLIST_FILE = MySparTestMission/Info.plist;
				INFOPLIST_KEY_UIApplicationSupportsIndirectInputEvents = YES;
				INFOPLIST_KEY_UILaunchStoryboardName = LaunchScreen;
				INFOPLIST_KEY_UISupportedInterfaceOrientations_iPad = "UIInterfaceOrientationPortrait UIInterfaceOrientationPortraitUpsideDown UIInterfaceOrientationLandscapeLeft UIInterfaceOrientationLandscapeRight";
				INFOPLIST_KEY_UISupportedInterfaceOrientations_iPhone = "UIInterfaceOrientationPortrait UIInterfaceOrientationLandscapeLeft UIInterfaceOrientationLandscapeRight";
				IPHONEOS_DEPLOYMENT_TARGET = 14.0;
				LD_RUNPATH_SEARCH_PATHS = (
					"$(inherited)",
					"@executable_path/Frameworks",
				);
				MARKETING_VERSION = 1.0;
				PRODUCT_BUNDLE_IDENTIFIER = Dims.MySparTestMission;
				PRODUCT_NAME = "$(TARGET_NAME)";
				SWIFT_EMIT_LOC_STRINGS = YES;
				SWIFT_VERSION = 5.0;
				TARGETED_DEVICE_FAMILY = "1,2";
			};
			name = Release;
		};
/* End XCBuildConfiguration section */

/* Begin XCConfigurationList section */
		443D05252A8A134000C48449 /* Build configuration list for PBXProject "MySparTestMission" */ = {
			isa = XCConfigurationList;
			buildConfigurations = (
				443D053C2A8A134200C48449 /* Debug */,
				443D053D2A8A134200C48449 /* Release */,
			);
			defaultConfigurationIsVisible = 0;
			defaultConfigurationName = Release;
		};
		443D053E2A8A134200C48449 /* Build configuration list for PBXNativeTarget "MySparTestMission" */ = {
			isa = XCConfigurationList;
			buildConfigurations = (
				443D053F2A8A134200C48449 /* Debug */,
				443D05402A8A134200C48449 /* Release */,
			);
			defaultConfigurationIsVisible = 0;
			defaultConfigurationName = Release;
		};
/* End XCConfigurationList section */
	};
	rootObject = 443D05222A8A134000C48449 /* Project object */;
}
